
Microsoft Visual Studio Solution File, Format Version 12.00
# Visual Studio Version 17
VisualStudioVersion = 17.5.33530.505
MinimumVisualStudioVersion = 10.0.40219.1
Project("{9A19103F-16F7-4668-BE54-9A1E7A4F7556}") = "Observer.Desktop", "Observer.Desktop\Observer.Desktop.csproj", "{35442AD4-F2A0-4B35-A935-42F80C2A840A}"
EndProject
Project("{2150E333-8FDC-42A3-9474-1A3956D46DE8}") = "Solution Items", "Solution Items", "{A2F27CEF-DC56-40FB-9B25-778B02431BBC}"
	ProjectSection(SolutionItems) = preProject
		azure-pipelines.yml = azure-pipelines.yml
		ClickOnce.bat = ClickOnce.bat
		ClickOnce.ps1 = ClickOnce.ps1
		Notes.txt = Notes.txt
		version.json = version.json
	EndProjectSection
EndProject
Global
	GlobalSection(SolutionConfigurationPlatforms) = preSolution
		Debug|Any CPU = Debug|Any CPU
		Release|Any CPU = Release|Any CPU
	EndGlobalSection
	GlobalSection(ProjectConfigurationPlatforms) = postSolution
		{35442AD4-F2A0-4B35-A935-42F80C2A840A}.Debug|Any CPU.ActiveCfg = Debug|Any CPU
		{35442AD4-F2A0-4B35-A935-42F80C2A840A}.Debug|Any CPU.Build.0 = Debug|Any CPU
		{35442AD4-F2A0-4B35-A935-42F80C2A840A}.Release|Any CPU.ActiveCfg = Release|Any CPU
		{35442AD4-F2A0-4B35-A935-42F80C2A840A}.Release|Any CPU.Build.0 = Release|Any CPU
	EndGlobalSection
	GlobalSection(SolutionProperties) = preSolution
		HideSolutionNode = FALSE
	EndGlobalSection
	GlobalSection(ExtensibilityGlobals) = postSolution
		SolutionGuid = {9081BBA6-6084-4875-9A2F-052304DD531E}
	EndGlobalSection
EndGlobal
